// !$*UTF8*$!
{
	archiveVersion = 1;
	classes = {
	};
	objectVersion = 46;
	objects = {

/* Begin PBXBuildFile section */
		6D9066FC16B47B9A00BDE89B /* AudioFileReader.mm in Sources */ = {isa = PBXBuildFile; fileRef = 6D9066F516B47B9A00BDE89B /* AudioFileReader.mm */; settings = {COMPILER_FLAGS = "-fno-objc-arc"; }; };
		6D9066FD16B47B9A00BDE89B /* AudioFileWriter.m in Sources */ = {isa = PBXBuildFile; fileRef = 6D9066F716B47B9A00BDE89B /* AudioFileWriter.m */; settings = {COMPILER_FLAGS = "-fno-objc-arc"; }; };
		6D9066FE16B47B9A00BDE89B /* Novocaine.m in Sources */ = {isa = PBXBuildFile; fileRef = 6D9066F916B47B9A00BDE89B /* Novocaine.m */; settings = {COMPILER_FLAGS = "-fno-objc-arc"; }; };
		6D9066FF16B47B9A00BDE89B /* RingBuffer.mm in Sources */ = {isa = PBXBuildFile; fileRef = 6D9066FB16B47B9A00BDE89B /* RingBuffer.mm */; settings = {COMPILER_FLAGS = "-fno-objc-arc"; }; };
		6D90670316B47C5900BDE89B /* AudioToolbox.framework in Frameworks */ = {isa = PBXBuildFile; fileRef = 6D90670116B47C5900BDE89B /* AudioToolbox.framework */; };
		6D90670616B47CAA00BDE89B /* Accelerate.framework in Frameworks */ = {isa = PBXBuildFile; fileRef = 6D90670516B47CAA00BDE89B /* Accelerate.framework */; };
		6D90671216B4919B00BDE89B /* AlienNoise_Dm.wav in Resources */ = {isa = PBXBuildFile; fileRef = 6D90670916B4919B00BDE89B /* AlienNoise_Dm.wav */; };
		6D90671316B4919B00BDE89B /* Am_descend_guitar.wav in Resources */ = {isa = PBXBuildFile; fileRef = 6D90670A16B4919B00BDE89B /* Am_descend_guitar.wav */; };
		6D90671416B4919B00BDE89B /* arp_Dm.wav in Resources */ = {isa = PBXBuildFile; fileRef = 6D90670B16B4919B00BDE89B /* arp_Dm.wav */; };
		6D90671516B4919B00BDE89B /* C_Am_Guitar.wav in Resources */ = {isa = PBXBuildFile; fileRef = 6D90670C16B4919B00BDE89B /* C_Am_Guitar.wav */; };
		6D90671616B4919B00BDE89B /* drums_ad3_007_120bpm.wav in Resources */ = {isa = PBXBuildFile; fileRef = 6D90670D16B4919B00BDE89B /* drums_ad3_007_120bpm.wav */; };
		6D90671716B4919B00BDE89B /* GGJ13_Theme.wav in Resources */ = {isa = PBXBuildFile; fileRef = 6D90670E16B4919B00BDE89B /* GGJ13_Theme.wav */; };
		6D90671816B4919B00BDE89B /* Piano_Dm_F_Am.wav in Resources */ = {isa = PBXBuildFile; fileRef = 6D90670F16B4919B00BDE89B /* Piano_Dm_F_Am.wav */; };
		6D90671916B4919B00BDE89B /* piano_notes.wav in Resources */ = {isa = PBXBuildFile; fileRef = 6D90671016B4919B00BDE89B /* piano_notes.wav */; };
		6D90671A16B4919B00BDE89B /* synthHorns_CMaj7.wav in Resources */ = {isa = PBXBuildFile; fileRef = 6D90671116B4919B00BDE89B /* synthHorns_CMaj7.wav */; };
		6D90671D16B495C600BDE89B /* SyncWorldGame.mm in Sources */ = {isa = PBXBuildFile; fileRef = 6D90671C16B495C600BDE89B /* SyncWorldGame.mm */; };
		6D90672016B497D200BDE89B /* SampleBuffer.mm in Sources */ = {isa = PBXBuildFile; fileRef = 6D90671F16B497D200BDE89B /* SampleBuffer.mm */; };
		6D90672416B4AAF100BDE89B /* 18749__lg__copier04.wav in Resources */ = {isa = PBXBuildFile; fileRef = 6D90672116B4AAF100BDE89B /* 18749__lg__copier04.wav */; };
		6D90672516B4AAF100BDE89B /* 50405__daddoit__chimes-part-6.wav in Resources */ = {isa = PBXBuildFile; fileRef = 6D90672216B4AAF100BDE89B /* 50405__daddoit__chimes-part-6.wav */; };
		6D90672616B4AAF100BDE89B /* 170406__wind-chimes.wav in Resources */ = {isa = PBXBuildFile; fileRef = 6D90672316B4AAF100BDE89B /* 170406__wind-chimes.wav */; };
		6D90672916B4AD5B00BDE89B /* Granulator.mm in Sources */ = {isa = PBXBuildFile; fileRef = 6D90672816B4AD5B00BDE89B /* Granulator.mm */; };
		6D90672C16B4C06400BDE89B /* SoundCenter.mm in Sources */ = {isa = PBXBuildFile; fileRef = 6D90672B16B4C06400BDE89B /* SoundCenter.mm */; };
		6D90673816B4FAF000BDE89B /* gl_util.cpp in Sources */ = {isa = PBXBuildFile; fileRef = 6D90673616B4FAF000BDE89B /* gl_util.cpp */; };
		6DB34F9216B3879300452BDF /* UIKit.framework in Frameworks */ = {isa = PBXBuildFile; fileRef = 6DB34F9116B3879300452BDF /* UIKit.framework */; };
		6DB34F9416B3879300452BDF /* Foundation.framework in Frameworks */ = {isa = PBXBuildFile; fileRef = 6DB34F9316B3879300452BDF /* Foundation.framework */; };
		6DB34F9616B3879300452BDF /* CoreGraphics.framework in Frameworks */ = {isa = PBXBuildFile; fileRef = 6DB34F9516B3879300452BDF /* CoreGraphics.framework */; };
		6DB34F9816B3879300452BDF /* GLKit.framework in Frameworks */ = {isa = PBXBuildFile; fileRef = 6DB34F9716B3879300452BDF /* GLKit.framework */; };
		6DB34F9A16B3879300452BDF /* OpenGLES.framework in Frameworks */ = {isa = PBXBuildFile; fileRef = 6DB34F9916B3879300452BDF /* OpenGLES.framework */; };
		6DB34FA016B3879300452BDF /* InfoPlist.strings in Resources */ = {isa = PBXBuildFile; fileRef = 6DB34F9E16B3879300452BDF /* InfoPlist.strings */; };
		6DB34FA216B3879300452BDF /* main.m in Sources */ = {isa = PBXBuildFile; fileRef = 6DB34FA116B3879300452BDF /* main.m */; };
		6DB34FA616B3879300452BDF /* TKAppDelegate.m in Sources */ = {isa = PBXBuildFile; fileRef = 6DB34FA516B3879300452BDF /* TKAppDelegate.m */; };
		6DB34FA816B3879300452BDF /* Default.png in Resources */ = {isa = PBXBuildFile; fileRef = 6DB34FA716B3879300452BDF /* Default.png */; };
		6DB34FAA16B3879300452BDF /* Default@2x.png in Resources */ = {isa = PBXBuildFile; fileRef = 6DB34FA916B3879300452BDF /* Default@2x.png */; };
		6DB34FAC16B3879300452BDF /* Default-568h@2x.png in Resources */ = {isa = PBXBuildFile; fileRef = 6DB34FAB16B3879300452BDF /* Default-568h@2x.png */; };
		6DB34FAE16B3879300452BDF /* Shader.fsh in Resources */ = {isa = PBXBuildFile; fileRef = 6DB34FAD16B3879300452BDF /* Shader.fsh */; };
		6DB34FB016B3879300452BDF /* Shader.vsh in Resources */ = {isa = PBXBuildFile; fileRef = 6DB34FAF16B3879300452BDF /* Shader.vsh */; };
		6DB34FB316B3879300452BDF /* TKViewController.mm in Sources */ = {isa = PBXBuildFile; fileRef = 6DB34FB216B3879300452BDF /* TKViewController.mm */; };
		6DB34FB616B3879300452BDF /* TKViewController_iPhone.xib in Resources */ = {isa = PBXBuildFile; fileRef = 6DB34FB416B3879300452BDF /* TKViewController_iPhone.xib */; };
		6DB34FB916B3879300452BDF /* TKViewController_iPad.xib in Resources */ = {isa = PBXBuildFile; fileRef = 6DB34FB716B3879300452BDF /* TKViewController_iPad.xib */; };
/* End PBXBuildFile section */

/* Begin PBXFileReference section */
		6D9066F416B47B9A00BDE89B /* AudioFileReader.h */ = {isa = PBXFileReference; fileEncoding = 4; lastKnownFileType = sourcecode.c.h; path = AudioFileReader.h; sourceTree = "<group>"; };
		6D9066F516B47B9A00BDE89B /* AudioFileReader.mm */ = {isa = PBXFileReference; fileEncoding = 4; lastKnownFileType = sourcecode.cpp.objcpp; path = AudioFileReader.mm; sourceTree = "<group>"; };
		6D9066F616B47B9A00BDE89B /* AudioFileWriter.h */ = {isa = PBXFileReference; fileEncoding = 4; lastKnownFileType = sourcecode.c.h; path = AudioFileWriter.h; sourceTree = "<group>"; };
		6D9066F716B47B9A00BDE89B /* AudioFileWriter.m */ = {isa = PBXFileReference; fileEncoding = 4; lastKnownFileType = sourcecode.c.objc; path = AudioFileWriter.m; sourceTree = "<group>"; };
		6D9066F816B47B9A00BDE89B /* Novocaine.h */ = {isa = PBXFileReference; fileEncoding = 4; lastKnownFileType = sourcecode.c.h; path = Novocaine.h; sourceTree = "<group>"; };
		6D9066F916B47B9A00BDE89B /* Novocaine.m */ = {isa = PBXFileReference; fileEncoding = 4; lastKnownFileType = sourcecode.c.objc; path = Novocaine.m; sourceTree = "<group>"; };
		6D9066FA16B47B9A00BDE89B /* RingBuffer.h */ = {isa = PBXFileReference; fileEncoding = 4; lastKnownFileType = sourcecode.c.h; path = RingBuffer.h; sourceTree = "<group>"; };
		6D9066FB16B47B9A00BDE89B /* RingBuffer.mm */ = {isa = PBXFileReference; fileEncoding = 4; lastKnownFileType = sourcecode.cpp.objcpp; path = RingBuffer.mm; sourceTree = "<group>"; };
		6D90670116B47C5900BDE89B /* AudioToolbox.framework */ = {isa = PBXFileReference; lastKnownFileType = wrapper.framework; name = AudioToolbox.framework; path = System/Library/Frameworks/AudioToolbox.framework; sourceTree = SDKROOT; };
		6D90670216B47C5900BDE89B /* AudioUnit.framework */ = {isa = PBXFileReference; lastKnownFileType = wrapper.framework; name = AudioUnit.framework; path = System/Library/Frameworks/AudioUnit.framework; sourceTree = SDKROOT; };
		6D90670516B47CAA00BDE89B /* Accelerate.framework */ = {isa = PBXFileReference; lastKnownFileType = wrapper.framework; name = Accelerate.framework; path = System/Library/Frameworks/Accelerate.framework; sourceTree = SDKROOT; };
		6D90670916B4919B00BDE89B /* AlienNoise_Dm.wav */ = {isa = PBXFileReference; lastKnownFileType = audio.wav; name = AlienNoise_Dm.wav; path = gamedata/samples/AlienNoise_Dm.wav; sourceTree = "<group>"; };
		6D90670A16B4919B00BDE89B /* Am_descend_guitar.wav */ = {isa = PBXFileReference; lastKnownFileType = audio.wav; name = Am_descend_guitar.wav; path = gamedata/samples/Am_descend_guitar.wav; sourceTree = "<group>"; };
		6D90670B16B4919B00BDE89B /* arp_Dm.wav */ = {isa = PBXFileReference; lastKnownFileType = audio.wav; name = arp_Dm.wav; path = gamedata/samples/arp_Dm.wav; sourceTree = "<group>"; };
		6D90670C16B4919B00BDE89B /* C_Am_Guitar.wav */ = {isa = PBXFileReference; lastKnownFileType = audio.wav; name = C_Am_Guitar.wav; path = gamedata/samples/C_Am_Guitar.wav; sourceTree = "<group>"; };
		6D90670D16B4919B00BDE89B /* drums_ad3_007_120bpm.wav */ = {isa = PBXFileReference; lastKnownFileType = audio.wav; name = drums_ad3_007_120bpm.wav; path = gamedata/samples/drums_ad3_007_120bpm.wav; sourceTree = "<group>"; };
		6D90670E16B4919B00BDE89B /* GGJ13_Theme.wav */ = {isa = PBXFileReference; lastKnownFileType = audio.wav; name = GGJ13_Theme.wav; path = gamedata/samples/GGJ13_Theme.wav; sourceTree = "<group>"; };
		6D90670F16B4919B00BDE89B /* Piano_Dm_F_Am.wav */ = {isa = PBXFileReference; lastKnownFileType = audio.wav; name = Piano_Dm_F_Am.wav; path = gamedata/samples/Piano_Dm_F_Am.wav; sourceTree = "<group>"; };
		6D90671016B4919B00BDE89B /* piano_notes.wav */ = {isa = PBXFileReference; lastKnownFileType = audio.wav; name = piano_notes.wav; path = gamedata/samples/piano_notes.wav; sourceTree = "<group>"; };
		6D90671116B4919B00BDE89B /* synthHorns_CMaj7.wav */ = {isa = PBXFileReference; lastKnownFileType = audio.wav; name = synthHorns_CMaj7.wav; path = gamedata/samples/synthHorns_CMaj7.wav; sourceTree = "<group>"; };
		6D90671B16B495C600BDE89B /* SyncWorldGame.h */ = {isa = PBXFileReference; fileEncoding = 4; lastKnownFileType = sourcecode.c.h; path = SyncWorldGame.h; sourceTree = "<group>"; };
		6D90671C16B495C600BDE89B /* SyncWorldGame.mm */ = {isa = PBXFileReference; fileEncoding = 4; lastKnownFileType = sourcecode.cpp.objcpp; path = SyncWorldGame.mm; sourceTree = "<group>"; };
		6D90671E16B497D200BDE89B /* SampleBuffer.h */ = {isa = PBXFileReference; fileEncoding = 4; lastKnownFileType = sourcecode.c.h; path = SampleBuffer.h; sourceTree = "<group>"; };
		6D90671F16B497D200BDE89B /* SampleBuffer.mm */ = {isa = PBXFileReference; fileEncoding = 4; lastKnownFileType = sourcecode.cpp.objcpp; path = SampleBuffer.mm; sourceTree = "<group>"; };
		6D90672116B4AAF100BDE89B /* 18749__lg__copier04.wav */ = {isa = PBXFileReference; lastKnownFileType = audio.wav; name = 18749__lg__copier04.wav; path = gamedata/samples/18749__lg__copier04.wav; sourceTree = "<group>"; };
		6D90672216B4AAF100BDE89B /* 50405__daddoit__chimes-part-6.wav */ = {isa = PBXFileReference; lastKnownFileType = audio.wav; name = "50405__daddoit__chimes-part-6.wav"; path = "gamedata/samples/50405__daddoit__chimes-part-6.wav"; sourceTree = "<group>"; };
		6D90672316B4AAF100BDE89B /* 170406__wind-chimes.wav */ = {isa = PBXFileReference; lastKnownFileType = audio.wav; name = "170406__wind-chimes.wav"; path = "gamedata/samples/170406__wind-chimes.wav"; sourceTree = "<group>"; };
		6D90672716B4AD5B00BDE89B /* Granulator.h */ = {isa = PBXFileReference; fileEncoding = 4; lastKnownFileType = sourcecode.c.h; path = Granulator.h; sourceTree = "<group>"; };
		6D90672816B4AD5B00BDE89B /* Granulator.mm */ = {isa = PBXFileReference; fileEncoding = 4; lastKnownFileType = sourcecode.cpp.objcpp; path = Granulator.mm; sourceTree = "<group>"; };
		6D90672A16B4C06400BDE89B /* SoundCenter.h */ = {isa = PBXFileReference; fileEncoding = 4; lastKnownFileType = sourcecode.c.h; path = SoundCenter.h; sourceTree = "<group>"; };
		6D90672B16B4C06400BDE89B /* SoundCenter.mm */ = {isa = PBXFileReference; fileEncoding = 4; lastKnownFileType = sourcecode.cpp.objcpp; path = SoundCenter.mm; sourceTree = "<group>"; };
		6D90673616B4FAF000BDE89B /* gl_util.cpp */ = {isa = PBXFileReference; fileEncoding = 4; lastKnownFileType = sourcecode.cpp.cpp; path = gl_util.cpp; sourceTree = "<group>"; };
		6D90673716B4FAF000BDE89B /* gl_util.h */ = {isa = PBXFileReference; fileEncoding = 4; lastKnownFileType = sourcecode.c.h; path = gl_util.h; sourceTree = "<group>"; };
		6DB34F8D16B3879300452BDF /* SyncWorld.app */ = {isa = PBXFileReference; explicitFileType = wrapper.application; includeInIndex = 0; path = SyncWorld.app; sourceTree = BUILT_PRODUCTS_DIR; };
		6DB34F9116B3879300452BDF /* UIKit.framework */ = {isa = PBXFileReference; lastKnownFileType = wrapper.framework; name = UIKit.framework; path = System/Library/Frameworks/UIKit.framework; sourceTree = SDKROOT; };
		6DB34F9316B3879300452BDF /* Foundation.framework */ = {isa = PBXFileReference; lastKnownFileType = wrapper.framework; name = Foundation.framework; path = System/Library/Frameworks/Foundation.framework; sourceTree = SDKROOT; };
		6DB34F9516B3879300452BDF /* CoreGraphics.framework */ = {isa = PBXFileReference; lastKnownFileType = wrapper.framework; name = CoreGraphics.framework; path = System/Library/Frameworks/CoreGraphics.framework; sourceTree = SDKROOT; };
		6DB34F9716B3879300452BDF /* GLKit.framework */ = {isa = PBXFileReference; lastKnownFileType = wrapper.framework; name = GLKit.framework; path = System/Library/Frameworks/GLKit.framework; sourceTree = SDKROOT; };
		6DB34F9916B3879300452BDF /* OpenGLES.framework */ = {isa = PBXFileReference; lastKnownFileType = wrapper.framework; name = OpenGLES.framework; path = System/Library/Frameworks/OpenGLES.framework; sourceTree = SDKROOT; };
		6DB34F9D16B3879300452BDF /* SyncWorld-Info.plist */ = {isa = PBXFileReference; lastKnownFileType = text.plist.xml; path = "SyncWorld-Info.plist"; sourceTree = "<group>"; };
		6DB34F9F16B3879300452BDF /* en */ = {isa = PBXFileReference; lastKnownFileType = text.plist.strings; name = en; path = en.lproj/InfoPlist.strings; sourceTree = "<group>"; };
		6DB34FA116B3879300452BDF /* main.m */ = {isa = PBXFileReference; lastKnownFileType = sourcecode.c.objc; path = main.m; sourceTree = "<group>"; };
		6DB34FA316B3879300452BDF /* SyncWorld-Prefix.pch */ = {isa = PBXFileReference; lastKnownFileType = sourcecode.c.h; path = "SyncWorld-Prefix.pch"; sourceTree = "<group>"; };
		6DB34FA416B3879300452BDF /* TKAppDelegate.h */ = {isa = PBXFileReference; lastKnownFileType = sourcecode.c.h; path = TKAppDelegate.h; sourceTree = "<group>"; };
		6DB34FA516B3879300452BDF /* TKAppDelegate.m */ = {isa = PBXFileReference; lastKnownFileType = sourcecode.c.objc; path = TKAppDelegate.m; sourceTree = "<group>"; };
		6DB34FA716B3879300452BDF /* Default.png */ = {isa = PBXFileReference; lastKnownFileType = image.png; path = Default.png; sourceTree = "<group>"; };
		6DB34FA916B3879300452BDF /* Default@2x.png */ = {isa = PBXFileReference; lastKnownFileType = image.png; path = "Default@2x.png"; sourceTree = "<group>"; };
		6DB34FAB16B3879300452BDF /* Default-568h@2x.png */ = {isa = PBXFileReference; lastKnownFileType = image.png; path = "Default-568h@2x.png"; sourceTree = "<group>"; };
		6DB34FAD16B3879300452BDF /* Shader.fsh */ = {isa = PBXFileReference; lastKnownFileType = sourcecode.glsl; name = Shader.fsh; path = Shaders/Shader.fsh; sourceTree = "<group>"; };
		6DB34FAF16B3879300452BDF /* Shader.vsh */ = {isa = PBXFileReference; lastKnownFileType = sourcecode.glsl; name = Shader.vsh; path = Shaders/Shader.vsh; sourceTree = "<group>"; };
		6DB34FB116B3879300452BDF /* TKViewController.h */ = {isa = PBXFileReference; lastKnownFileType = sourcecode.c.h; path = TKViewController.h; sourceTree = "<group>"; };
		6DB34FB216B3879300452BDF /* TKViewController.mm */ = {isa = PBXFileReference; lastKnownFileType = sourcecode.cpp.objcpp; path = TKViewController.mm; sourceTree = "<group>"; };
		6DB34FB516B3879300452BDF /* en */ = {isa = PBXFileReference; lastKnownFileType = file.xib; name = en; path = en.lproj/TKViewController_iPhone.xib; sourceTree = "<group>"; };
		6DB34FB816B3879300452BDF /* en */ = {isa = PBXFileReference; lastKnownFileType = file.xib; name = en; path = en.lproj/TKViewController_iPad.xib; sourceTree = "<group>"; };
/* End PBXFileReference section */

/* Begin PBXFrameworksBuildPhase section */
		6DB34F8A16B3879300452BDF /* Frameworks */ = {
			isa = PBXFrameworksBuildPhase;
			buildActionMask = 2147483647;
			files = (
				6D90670616B47CAA00BDE89B /* Accelerate.framework in Frameworks */,
				6D90670316B47C5900BDE89B /* AudioToolbox.framework in Frameworks */,
				6DB34F9216B3879300452BDF /* UIKit.framework in Frameworks */,
				6DB34F9416B3879300452BDF /* Foundation.framework in Frameworks */,
				6DB34F9616B3879300452BDF /* CoreGraphics.framework in Frameworks */,
				6DB34F9816B3879300452BDF /* GLKit.framework in Frameworks */,
				6DB34F9A16B3879300452BDF /* OpenGLES.framework in Frameworks */,
			);
			runOnlyForDeploymentPostprocessing = 0;
		};
/* End PBXFrameworksBuildPhase section */

/* Begin PBXGroup section */
		6D9066F316B47B9A00BDE89B /* Novocaine */ = {
			isa = PBXGroup;
			children = (
				6D9066F416B47B9A00BDE89B /* AudioFileReader.h */,
				6D9066F516B47B9A00BDE89B /* AudioFileReader.mm */,
				6D9066F616B47B9A00BDE89B /* AudioFileWriter.h */,
				6D9066F716B47B9A00BDE89B /* AudioFileWriter.m */,
				6D9066F816B47B9A00BDE89B /* Novocaine.h */,
				6D9066F916B47B9A00BDE89B /* Novocaine.m */,
				6D9066FA16B47B9A00BDE89B /* RingBuffer.h */,
				6D9066FB16B47B9A00BDE89B /* RingBuffer.mm */,
			);
			name = Novocaine;
			path = novocaine/Novocaine;
			sourceTree = "<group>";
		};
		6D90670716B4915900BDE89B /* Resources */ = {
			isa = PBXGroup;
			children = (
				6D90670816B4916300BDE89B /* Samples */,
			);
			name = Resources;
			sourceTree = "<group>";
		};
		6D90670816B4916300BDE89B /* Samples */ = {
			isa = PBXGroup;
			children = (
				6D90672116B4AAF100BDE89B /* 18749__lg__copier04.wav */,
				6D90672216B4AAF100BDE89B /* 50405__daddoit__chimes-part-6.wav */,
				6D90672316B4AAF100BDE89B /* 170406__wind-chimes.wav */,
				6D90670916B4919B00BDE89B /* AlienNoise_Dm.wav */,
				6D90670A16B4919B00BDE89B /* Am_descend_guitar.wav */,
				6D90670B16B4919B00BDE89B /* arp_Dm.wav */,
				6D90670C16B4919B00BDE89B /* C_Am_Guitar.wav */,
				6D90670D16B4919B00BDE89B /* drums_ad3_007_120bpm.wav */,
				6D90670E16B4919B00BDE89B /* GGJ13_Theme.wav */,
				6D90670F16B4919B00BDE89B /* Piano_Dm_F_Am.wav */,
				6D90671016B4919B00BDE89B /* piano_notes.wav */,
				6D90671116B4919B00BDE89B /* synthHorns_CMaj7.wav */,
			);
			name = Samples;
			sourceTree = "<group>";
		};
		6DB34F8216B3879300452BDF = {
			isa = PBXGroup;
			children = (
				6D90670716B4915900BDE89B /* Resources */,
				6D9066F316B47B9A00BDE89B /* Novocaine */,
				6DB34F9B16B3879300452BDF /* SyncWorld */,
				6DB34F9016B3879300452BDF /* Frameworks */,
				6DB34F8E16B3879300452BDF /* Products */,
			);
			sourceTree = "<group>";
		};
		6DB34F8E16B3879300452BDF /* Products */ = {
			isa = PBXGroup;
			children = (
				6DB34F8D16B3879300452BDF /* SyncWorld.app */,
			);
			name = Products;
			sourceTree = "<group>";
		};
		6DB34F9016B3879300452BDF /* Frameworks */ = {
			isa = PBXGroup;
			children = (
				6D90670516B47CAA00BDE89B /* Accelerate.framework */,
				6D90670116B47C5900BDE89B /* AudioToolbox.framework */,
				6D90670216B47C5900BDE89B /* AudioUnit.framework */,
				6DB34F9116B3879300452BDF /* UIKit.framework */,
				6DB34F9316B3879300452BDF /* Foundation.framework */,
				6DB34F9516B3879300452BDF /* CoreGraphics.framework */,
				6DB34F9716B3879300452BDF /* GLKit.framework */,
				6DB34F9916B3879300452BDF /* OpenGLES.framework */,
			);
			name = Frameworks;
			sourceTree = "<group>";
		};
		6DB34F9B16B3879300452BDF /* SyncWorld */ = {
			isa = PBXGroup;
			children = (
				6D90673616B4FAF000BDE89B /* gl_util.cpp */,
				6D90673716B4FAF000BDE89B /* gl_util.h */,
				6DB34F9C16B3879300452BDF /* Supporting Files */,
				6DB34FA416B3879300452BDF /* TKAppDelegate.h */,
				6DB34FA516B3879300452BDF /* TKAppDelegate.m */,
				6DB34FAD16B3879300452BDF /* Shader.fsh */,
				6DB34FAF16B3879300452BDF /* Shader.vsh */,
				6DB34FB116B3879300452BDF /* TKViewController.h */,
				6DB34FB216B3879300452BDF /* TKViewController.mm */,
				6DB34FB416B3879300452BDF /* TKViewController_iPhone.xib */,
				6DB34FB716B3879300452BDF /* TKViewController_iPad.xib */,
				6D90671B16B495C600BDE89B /* SyncWorldGame.h */,
				6D90671C16B495C600BDE89B /* SyncWorldGame.mm */,
				6D90671E16B497D200BDE89B /* SampleBuffer.h */,
				6D90671F16B497D200BDE89B /* SampleBuffer.mm */,
				6D90672716B4AD5B00BDE89B /* Granulator.h */,
				6D90672816B4AD5B00BDE89B /* Granulator.mm */,
				6D90672A16B4C06400BDE89B /* SoundCenter.h */,
				6D90672B16B4C06400BDE89B /* SoundCenter.mm */,
			);
			path = SyncWorld;
			sourceTree = "<group>";
		};
		6DB34F9C16B3879300452BDF /* Supporting Files */ = {
			isa = PBXGroup;
			children = (
				6DB34F9D16B3879300452BDF /* SyncWorld-Info.plist */,
				6DB34F9E16B3879300452BDF /* InfoPlist.strings */,
				6DB34FA116B3879300452BDF /* main.m */,
				6DB34FA316B3879300452BDF /* SyncWorld-Prefix.pch */,
				6DB34FA716B3879300452BDF /* Default.png */,
				6DB34FA916B3879300452BDF /* Default@2x.png */,
				6DB34FAB16B3879300452BDF /* Default-568h@2x.png */,
			);
			name = "Supporting Files";
			sourceTree = "<group>";
		};
/* End PBXGroup section */

/* Begin PBXNativeTarget section */
		6DB34F8C16B3879300452BDF /* SyncWorld */ = {
			isa = PBXNativeTarget;
			buildConfigurationList = 6DB34FBC16B3879300452BDF /* Build configuration list for PBXNativeTarget "SyncWorld" */;
			buildPhases = (
				6DB34F8916B3879300452BDF /* Sources */,
				6DB34F8A16B3879300452BDF /* Frameworks */,
				6DB34F8B16B3879300452BDF /* Resources */,
			);
			buildRules = (
			);
			dependencies = (
			);
			name = SyncWorld;
			productName = SyncWorld;
			productReference = 6DB34F8D16B3879300452BDF /* SyncWorld.app */;
			productType = "com.apple.product-type.application";
		};
/* End PBXNativeTarget section */

/* Begin PBXProject section */
		6DB34F8416B3879300452BDF /* Project object */ = {
			isa = PBXProject;
			attributes = {
				CLASSPREFIX = TK;
				LastUpgradeCheck = 0450;
				ORGANIZATIONNAME = Tapnik;
			};
			buildConfigurationList = 6DB34F8716B3879300452BDF /* Build configuration list for PBXProject "SyncWorld" */;
			compatibilityVersion = "Xcode 3.2";
			developmentRegion = English;
			hasScannedForEncodings = 0;
			knownRegions = (
				en,
			);
			mainGroup = 6DB34F8216B3879300452BDF;
			productRefGroup = 6DB34F8E16B3879300452BDF /* Products */;
			projectDirPath = "";
			projectRoot = "";
			targets = (
				6DB34F8C16B3879300452BDF /* SyncWorld */,
			);
		};
/* End PBXProject section */

/* Begin PBXResourcesBuildPhase section */
		6DB34F8B16B3879300452BDF /* Resources */ = {
			isa = PBXResourcesBuildPhase;
			buildActionMask = 2147483647;
			files = (
				6DB34FA016B3879300452BDF /* InfoPlist.strings in Resources */,
				6DB34FA816B3879300452BDF /* Default.png in Resources */,
				6DB34FAA16B3879300452BDF /* Default@2x.png in Resources */,
				6DB34FAC16B3879300452BDF /* Default-568h@2x.png in Resources */,
				6DB34FAE16B3879300452BDF /* Shader.fsh in Resources */,
				6DB34FB016B3879300452BDF /* Shader.vsh in Resources */,
				6DB34FB616B3879300452BDF /* TKViewController_iPhone.xib in Resources */,
				6DB34FB916B3879300452BDF /* TKViewController_iPad.xib in Resources */,
				6D90671216B4919B00BDE89B /* AlienNoise_Dm.wav in Resources */,
				6D90671316B4919B00BDE89B /* Am_descend_guitar.wav in Resources */,
				6D90671416B4919B00BDE89B /* arp_Dm.wav in Resources */,
				6D90671516B4919B00BDE89B /* C_Am_Guitar.wav in Resources */,
				6D90671616B4919B00BDE89B /* drums_ad3_007_120bpm.wav in Resources */,
				6D90671716B4919B00BDE89B /* GGJ13_Theme.wav in Resources */,
				6D90671816B4919B00BDE89B /* Piano_Dm_F_Am.wav in Resources */,
				6D90671916B4919B00BDE89B /* piano_notes.wav in Resources */,
				6D90671A16B4919B00BDE89B /* synthHorns_CMaj7.wav in Resources */,
				6D90672416B4AAF100BDE89B /* 18749__lg__copier04.wav in Resources */,
				6D90672516B4AAF100BDE89B /* 50405__daddoit__chimes-part-6.wav in Resources */,
				6D90672616B4AAF100BDE89B /* 170406__wind-chimes.wav in Resources */,
			);
			runOnlyForDeploymentPostprocessing = 0;
		};
/* End PBXResourcesBuildPhase section */

/* Begin PBXSourcesBuildPhase section */
		6DB34F8916B3879300452BDF /* Sources */ = {
			isa = PBXSourcesBuildPhase;
			buildActionMask = 2147483647;
			files = (
				6DB34FA216B3879300452BDF /* main.m in Sources */,
				6DB34FA616B3879300452BDF /* TKAppDelegate.m in Sources */,
				6DB34FB316B3879300452BDF /* TKViewController.mm in Sources */,
				6D9066FC16B47B9A00BDE89B /* AudioFileReader.mm in Sources */,
				6D9066FD16B47B9A00BDE89B /* AudioFileWriter.m in Sources */,
				6D9066FE16B47B9A00BDE89B /* Novocaine.m in Sources */,
				6D9066FF16B47B9A00BDE89B /* RingBuffer.mm in Sources */,
				6D90671D16B495C600BDE89B /* SyncWorldGame.mm in Sources */,
				6D90672016B497D200BDE89B /* SampleBuffer.mm in Sources */,
				6D90672916B4AD5B00BDE89B /* Granulator.mm in Sources */,
				6D90672C16B4C06400BDE89B /* SoundCenter.mm in Sources */,
				6D90673816B4FAF000BDE89B /* gl_util.cpp in Sources */,
			);
			runOnlyForDeploymentPostprocessing = 0;
		};
/* End PBXSourcesBuildPhase section */

/* Begin PBXVariantGroup section */
		6DB34F9E16B3879300452BDF /* InfoPlist.strings */ = {
			isa = PBXVariantGroup;
			children = (
				6DB34F9F16B3879300452BDF /* en */,
			);
			name = InfoPlist.strings;
			sourceTree = "<group>";
		};
		6DB34FB416B3879300452BDF /* TKViewController_iPhone.xib */ = {
			isa = PBXVariantGroup;
			children = (
				6DB34FB516B3879300452BDF /* en */,
			);
			name = TKViewController_iPhone.xib;
			sourceTree = "<group>";
		};
		6DB34FB716B3879300452BDF /* TKViewController_iPad.xib */ = {
			isa = PBXVariantGroup;
			children = (
				6DB34FB816B3879300452BDF /* en */,
			);
			name = TKViewController_iPad.xib;
			sourceTree = "<group>";
		};
/* End PBXVariantGroup section */

/* Begin XCBuildConfiguration section */
		6DB34FBA16B3879300452BDF /* Debug */ = {
			isa = XCBuildConfiguration;
			buildSettings = {
				ALWAYS_SEARCH_USER_PATHS = NO;
				CLANG_CXX_LANGUAGE_STANDARD = "gnu++0x";
				CLANG_CXX_LIBRARY = "libc++";
				CLANG_ENABLE_OBJC_ARC = YES;
				CLANG_WARN_EMPTY_BODY = YES;
				CLANG_WARN__DUPLICATE_METHOD_MATCH = YES;
				"CODE_SIGN_IDENTITY[sdk=iphoneos*]" = "iPhone Developer";
				COPY_PHASE_STRIP = NO;
				GCC_C_LANGUAGE_STANDARD = gnu99;
				GCC_DYNAMIC_NO_PIC = NO;
				GCC_OPTIMIZATION_LEVEL = 0;
				GCC_PREPROCESSOR_DEFINITIONS = (
					"DEBUG=1",
					"$(inherited)",
				);
				GCC_SYMBOLS_PRIVATE_EXTERN = NO;
				GCC_WARN_ABOUT_RETURN_TYPE = YES;
				GCC_WARN_UNINITIALIZED_AUTOS = YES;
				GCC_WARN_UNUSED_VARIABLE = YES;
				IPHONEOS_DEPLOYMENT_TARGET = 6.0;
				SDKROOT = iphoneos;
				TARGETED_DEVICE_FAMILY = "1,2";
			};
			name = Debug;
		};
		6DB34FBB16B3879300452BDF /* Release */ = {
			isa = XCBuildConfiguration;
			buildSettings = {
				ALWAYS_SEARCH_USER_PATHS = NO;
				CLANG_CXX_LANGUAGE_STANDARD = "gnu++0x";
				CLANG_CXX_LIBRARY = "libc++";
				CLANG_ENABLE_OBJC_ARC = YES;
				CLANG_WARN_EMPTY_BODY = YES;
				CLANG_WARN__DUPLICATE_METHOD_MATCH = YES;
				"CODE_SIGN_IDENTITY[sdk=iphoneos*]" = "iPhone Developer";
				COPY_PHASE_STRIP = YES;
				GCC_C_LANGUAGE_STANDARD = gnu99;
				GCC_WARN_ABOUT_RETURN_TYPE = YES;
				GCC_WARN_UNINITIALIZED_AUTOS = YES;
				GCC_WARN_UNUSED_VARIABLE = YES;
				IPHONEOS_DEPLOYMENT_TARGET = 6.0;
				OTHER_CFLAGS = "-DNS_BLOCK_ASSERTIONS=1";
				SDKROOT = iphoneos;
				TARGETED_DEVICE_FAMILY = "1,2";
				VALIDATE_PRODUCT = YES;
			};
			name = Release;
		};
		6DB34FBD16B3879300452BDF /* Debug */ = {
			isa = XCBuildConfiguration;
			buildSettings = {
				GCC_PRECOMPILE_PREFIX_HEADER = YES;
				GCC_PREFIX_HEADER = "SyncWorld/SyncWorld-Prefix.pch";
				INFOPLIST_FILE = "SyncWorld/SyncWorld-Info.plist";
				ONLY_ACTIVE_ARCH = YES;
				PRODUCT_NAME = "$(TARGET_NAME)";
				WRAPPER_EXTENSION = app;
			};
			name = Debug;
		};
		6DB34FBE16B3879300452BDF /* Release */ = {
			isa = XCBuildConfiguration;
			buildSettings = {
				GCC_PRECOMPILE_PREFIX_HEADER = YES;
				GCC_PREFIX_HEADER = "SyncWorld/SyncWorld-Prefix.pch";
				INFOPLIST_FILE = "SyncWorld/SyncWorld-Info.plist";
				PRODUCT_NAME = "$(TARGET_NAME)";
				WRAPPER_EXTENSION = app;
			};
			name = Release;
		};
/* End XCBuildConfiguration section */

/* Begin XCConfigurationList section */
		6DB34F8716B3879300452BDF /* Build configuration list for PBXProject "SyncWorld" */ = {
			isa = XCConfigurationList;
			buildConfigurations = (
				6DB34FBA16B3879300452BDF /* Debug */,
				6DB34FBB16B3879300452BDF /* Release */,
			);
			defaultConfigurationIsVisible = 0;
			defaultConfigurationName = Release;
		};
		6DB34FBC16B3879300452BDF /* Build configuration list for PBXNativeTarget "SyncWorld" */ = {
			isa = XCConfigurationList;
			buildConfigurations = (
				6DB34FBD16B3879300452BDF /* Debug */,
				6DB34FBE16B3879300452BDF /* Release */,
			);
			defaultConfigurationIsVisible = 0;
			defaultConfigurationName = Release;
		};
/* End XCConfigurationList section */
	};
	rootObject = 6DB34F8416B3879300452BDF /* Project object */;
}
